
Microsoft Visual Studio Solution File, Format Version 12.00
# Visual Studio Version 17
VisualStudioVersion = 17.9.34728.123
MinimumVisualStudioVersion = 10.0.40219.1
Project("{FAE04EC0-301F-11D3-BF4B-00C04F79EFBC}") = "RouletteBetting", "RouletteBetting\RouletteBetting.csproj", "{5707761F-09F5-4512-A0B6-CD72C909B5FB}"
EndProject
Global
	GlobalSection(SolutionConfigurationPlatforms) = preSolution
		Debug|Any CPU = Debug|Any CPU
		Release|Any CPU = Release|Any CPU
	EndGlobalSection
	GlobalSection(ProjectConfigurationPlatforms) = postSolution
		{5707761F-09F5-4512-A0B6-CD72C909B5FB}.Debug|Any CPU.ActiveCfg = Debug|Any CPU
		{5707761F-09F5-4512-A0B6-CD72C909B5FB}.Debug|Any CPU.Build.0 = Debug|Any CPU
		{5707761F-09F5-4512-A0B6-CD72C909B5FB}.Release|Any CPU.ActiveCfg = Release|Any CPU
		{5707761F-09F5-4512-A0B6-CD72C909B5FB}.Release|Any CPU.Build.0 = Release|Any CPU
	EndGlobalSection
	GlobalSection(SolutionProperties) = preSolution
		HideSolutionNode = FALSE
	EndGlobalSection
	GlobalSection(ExtensibilityGlobals) = postSolution
		SolutionGuid = {EF59434D-CE3F-47B9-9A5F-94B98C882DAA}
	EndGlobalSection
EndGlobal
